github.com/MakeNowJust/heredoc v1.0.0 h1:cXCdzVdstXyiTqTvfqk9SDHpKNjxuom+DOlyEeQ4pzQ=
github.com/MakeNowJust/heredoc v1.0.0/go.mod h1:mG5amYoWBHf8vpLOuehzbGGw0EHxpZZ6lCpQ4fNJ8LE=
github.com/acarl005/stripansi v0.0.0-20180116102854-5a71ef0e047d h1:licZJFw2RwpHMqeKTCYkitsPqHNxTmd4SNR5r94FGM8=
github.com/acarl005/stripansi v0.0.0-20180116102854-5a71ef0e047d/go.mod h1:asat636LX7Bqt5lYEZ27JNDcqxfjdBQuJ/MM4CN/Lzo=
github.com/atotto/clipboard v0.1.4 h1:EH0zSVneZPSuFR11BlR9YppQTVDbh5+16AmcJi4g1z4=
github.com/atotto/clipboard v0.1.4/go.mod h1:ZY9tmq7sm5xIbd9bOK4onWV4S6X0u6GY7Vn0Yu86PYI=
github.com/aymanbagabas/go-osc52/v2 v2.0.1 h1:HwpRHbFMcZLEVr42D4p7XBqjyuxQH5SMiErDT4WkJ2k=
github.com/aymanbagabas/go-osc52/v2 v2.0.1/go.mod h1:uYgXzlJ7ZpABp8OJ+exZzJJhRNQ2ASbcXHWsFqH8hp8=
github.com/charmbracelet/bubbletea v0.26.3-0.20240510203954-a434f25ff7d3 h1:Bg0eRBAgsWh84rpAq5X+e52TMAfloxoWeSJkYp9Pyw0=
github.com/charmbracelet/bubbletea v0.26.3-0.20240510203954-a434f25ff7d3/go.mod h1:jxN9TKmttdNsUKWSjjQQonHIY4nCuTBNdkDn3/Bpf7A=
github.com/charmbracelet/bubbletea v0.26.3-0.20240513205551-cf6db9e1506a h1:9p5KZLIfqlGIvR0VvCslSTQHMePwKJ7mRESH2FqvWR4=
github.com/charmbracelet/bubbletea v0.26.3-0.20240513205551-cf6db9e1506a/go.mod h1:K3huPnfaiCxjWojAg1QijEVeqHYY9LO4cAPC12KmpLQ=
github.com/charmbracelet/bubbletea v0.26.3-0.20240514165352-43ffb64832ac h1:oU2Kc74rwT2tmvtVSOK5IQVHkgD7SiIxdICGu3zQ2uI=
github.com/charmbracelet/bubbletea v0.26.3-0.20240514165352-43ffb64832ac/go.mod h1:1dQnHpcm7F+IxzjVZELAgjNMsg8MeTRa2oZefBe/giM=
github.com/charmbracelet/bubbletea v0.26.3-0.20240514171728-e310dbefd4d7 h1:Az6OJpSeWBh/MsWMylnovPv6m1W1bzCYn65vRjXEtuU=
github.com/charmbracelet/bubbletea v0.26.3-0.20240514171728-e310dbefd4d7/go.mod h1:1dQnHpcm7F+IxzjVZELAgjNMsg8MeTRa2oZefBe/giM=
github.com/charmbracelet/bubbletea v0.26.3-0.20240514172205-72ce959b78e3 h1:GugYAtdwJBA1e8+y/diVe41cPS8dgdML7+atTeLS4R8=
github.com/charmbracelet/bubbletea v0.26.3-0.20240514172205-72ce959b78e3/go.mod h1:FixrOn+mReyxbVP0qZcyDsHLKeaZbMHf3wZOxLm8wj4=
github.com/charmbracelet/bubbletea v0.26.3-0.20240514172421-c69b27d7eeb8 h1:uq7c8wSq2/wK/KyvQ3KMQGZp0LFrKhOTAnHK6rNSMG0=
github.com/charmbracelet/bubbletea v0.26.3-0.20240514172421-c69b27d7eeb8/go.mod h1:69vZAJlmlVOxh7Y/Ndvr0csqEP2coOgZolwXx6qvPCk=
github.com/charmbracelet/harmonica v0.2.0 h1:8NxJWRWg/bzKqqEaaeFNipOu77YR5t8aSwG4pgaUBiQ=
github.com/charmbracelet/harmonica v0.2.0/go.mod h1:KSri/1RMQOZLbw7AHqgcBycp8pgJnQMYYT8QZRqZ1Ao=
github.com/charmbracelet/lipgloss v0.10.1-0.20240510203806-a6dc2ab509a8 h1:aOfL0f8fhgqKe+iOIQYAIazSwTO4J0axB5ztPxw5JHY=
github.com/charmbracelet/lipgloss v0.10.1-0.20240510203806-a6dc2ab509a8/go.mod h1:axBjGt1mTZwwTM0kfcq8fPWFzNPj+ZAOjfLCr7JW9fk=
github.com/charmbracelet/lipgloss v0.10.1-0.20240513205513-d059cfa7d6f0 h1:CWvUdfXeiDgBM0PZ9Mix19P7JB1tzaCDUy9F1JiuQ5M=
github.com/charmbracelet/lipgloss v0.10.1-0.20240513205513-d059cfa7d6f0/go.mod h1:axBjGt1mTZwwTM0kfcq8fPWFzNPj+ZAOjfLCr7JW9fk=
github.com/charmbracelet/lipgloss v0.10.1-0.20240514163550-4de43222e210 h1:Q7gfEmAUFJL0n8IgXUs7m/SgjfRASClC6Mu+JpanJu8=
github.com/charmbracelet/lipgloss v0.10.1-0.20240514163550-4de43222e210/go.mod h1:/WJOlugg8bddqSP52FFiGXWVIfXsO+/+KzOGAT7opnw=
github.com/charmbracelet/lipgloss v0.10.1-0.20240514172133-9a1d854f90dd h1:y23y/2Sa7Wa3nseIm0KTP1R0BA44QyFhRB/rvJKOyjI=
github.com/charmbracelet/lipgloss v0.10.1-0.20240514172133-9a1d854f90dd/go.mod h1:/WJOlugg8bddqSP52FFiGXWVIfXsO+/+KzOGAT7opnw=
github.com/charmbracelet/lipgloss v0.10.1-0.20240514172355-88ecbb398449 h1:jy8zvXRALm2v8aK4ivo4m1+/E1/p8nejp5hWRudx2VA=
github.com/charmbracelet/lipgloss v0.10.1-0.20240514172355-88ecbb398449/go.mod h1:/WJOlugg8bddqSP52FFiGXWVIfXsO+/+KzOGAT7opnw=
github.com/charmbracelet/x/ansi v0.1.0 h1:o4NbQQCoVgbLpD5RC1cI687baoLwrLZyCOTGlF0gne4=
github.com/charmbracelet/x/ansi v0.1.0/go.mod h1:dk73KoMTT5AX5BsX0KrqhsTqAnhZZoCBjs7dGWp4Ktw=
github.com/charmbracelet/x/ansi v0.1.1 h1:CGAduulr6egay/YVbGc8Hsu8deMg1xZ/bkaXTPi1JDk=
github.com/charmbracelet/x/ansi v0.1.1/go.mod h1:dk73KoMTT5AX5BsX0KrqhsTqAnhZZoCBjs7dGWp4Ktw=
github.com/charmbracelet/x/input v0.1.0 h1:TEsGSfZYQyOtp+STIjyBq6tpRaorH0qpwZUj8DavAhQ=
github.com/charmbracelet/x/input v0.1.0/go.mod h1:ZZwaBxPF7IG8gWWzPUVqHEtWhc1+HXJPNuerJGRGZ28=
github.com/charmbracelet/x/term v0.1.1 h1:3cosVAiPOig+EV4X9U+3LDgtwwAoEzJjNdwbXDjF6yI=
github.com/charmbracelet/x/term v0.1.1/go.mod h1:wB1fHt5ECsu3mXYusyzcngVWWlu1KKUmmLhfgr/Flxw=
github.com/charmbracelet/x/windows v0.1.0 h1:gTaxdvzDM5oMa/I2ZNF7wN78X/atWemG9Wph7Ika2k4=
github.com/charmbracelet/x/windows v0.1.0/go.mod h1:GLEO/l+lizvFDBPLIOk+49gdX49L9YWMB5t+DZd0jkQ=
github.com/dustin/go-humanize v1.0.1 h1:GzkhY7T5VNhEkwH0PVJgjz+fX1rhBrR7pRT3mDkpeCY=
github.com/dustin/go-humanize v1.0.1/go.mod h1:Mu1zIs6XwVuF/gI1OepvI0qD18qycQx+mFykh5fBlto=
github.com/erikgeiser/coninput v0.0.0-20211004153227-1c3628e74d0f h1:Y/CXytFA4m6baUTXGLOoWe4PQhGxaX0KpnayAqC48p4=
github.com/erikgeiser/coninput v0.0.0-20211004153227-1c3628e74d0f/go.mod h1:vw97MGsxSvLiUE2X8qFplwetxpGLQrlU1Q9AUEIzCaM=
github.com/kylelemons/godebug v1.1.0 h1:RPNrshWIDI6G2gRW9EHilWtl7Z6Sb1BR0xunSBf0SNc=
github.com/kylelemons/godebug v1.1.0/go.mod h1:9/0rRGxNHcop5bhtWyNeEfOS8JIWk580+fNqagV/RAw=
github.com/lucasb-eyer/go-colorful v1.2.0 h1:1nnpGOrhyZZuNyfu1QjKiUICQ74+3FNCN69Aj6K7nkY=
github.com/lucasb-eyer/go-colorful v1.2.0/go.mod h1:R4dSotOR9KMtayYi1e77YzuveK+i7ruzyGqttikkLy0=
github.com/mattn/go-isatty v0.0.18 h1:DOKFKCQ7FNG2L1rbrmstDN4QVRdS89Nkh85u68Uwp98=
github.com/mattn/go-isatty v0.0.18/go.mod h1:W+V8PltTTMOvKvAeJH7IuucS94S2C6jfK/D7dTCTo3Y=
github.com/mattn/go-runewidth v0.0.12/go.mod h1:RAqKPSqVFrSLVXbA8x7dzmKdmGzieGRCM46jaSJTDAk=
github.com/mattn/go-runewidth v0.0.15 h1:UNAjwbU9l54TA3KzvqLGxwWjHmMgBUVhBiTjelZgg3U=
github.com/mattn/go-runewidth v0.0.15/go.mod h1:Jdepj2loyihRzMpdS35Xk/zdY8IAYHsh153qUoGf23w=
github.com/muesli/ansi v0.0.0-20230316100256-276c6243b2f6 h1:ZK8zHtRHOkbHy6Mmr5D264iyp3TiX5OmNcI5cIARiQI=
github.com/muesli/ansi v0.0.0-20230316100256-276c6243b2f6/go.mod h1:CJlz5H+gyd6CUWT45Oy4q24RdLyn7Md9Vj2/ldJBSIo=
github.com/muesli/cancelreader v0.2.2 h1:3I4Kt4BQjOR54NavqnDogx/MIoWBFa0StPA8ELUXHmA=
github.com/muesli/cancelreader v0.2.2/go.mod h1:3XuTXfFS2VjM+HTLZY9Ak0l6eUKfijIfMUZ4EgX0QYo=
github.com/muesli/reflow v0.3.0 h1:IFsN6K9NfGtjeggFP+68I4chLZV2yIKsXJFNZ+eWh6s=
github.com/muesli/reflow v0.3.0/go.mod h1:pbwTDkVPibjO2kyvBQRBxTWEEGDGq0FlB1BIKtnHY/8=
github.com/muesli/termenv v0.15.2 h1:GohcuySI0QmI3wN8Ok9PtKGkgkFIk7y6Vpb5PvrY+Wo=
github.com/muesli/termenv v0.15.2/go.mod h1:Epx+iuz8sNs7mNKhxzH4fWXGNpZwUaJKRS1noLXviQ8=
github.com/rivo/uniseg v0.1.0/go.mod h1:J6wj4VEh+S6ZtnVlnTBMWIodfgj8LQOQFoIToxlJtxc=
github.com/rivo/uniseg v0.2.0/go.mod h1:J6wj4VEh+S6ZtnVlnTBMWIodfgj8LQOQFoIToxlJtxc=
github.com/rivo/uniseg v0.4.7 h1:WUdvkW8uEhrYfLC4ZzdpI2ztxP1I582+49Oc5Mq64VQ=
github.com/rivo/uniseg v0.4.7/go.mod h1:FN3SvrM+Zdj16jyLfmOkMNblXMcoc8DfTHruCPUcx88=
github.com/sahilm/fuzzy v0.1.1 h1:ceu5RHF8DGgoi+/dR5PsECjCDH1BE3Fnmpo7aVXOdRA=
github.com/sahilm/fuzzy v0.1.1/go.mod h1:VFvziUEIMCrT6A6tw2RFIXPXXmzXbOsSHF0DOI8ZK9Y=
github.com/xo/terminfo v0.0.0-20220910002029-abceb7e1c41e h1:JVG44RsyaB9T2KIHavMF/ppJZNG9ZpyihvCd0w101no=
github.com/xo/terminfo v0.0.0-20220910002029-abceb7e1c41e/go.mod h1:RbqR21r5mrJuqunuUZ/Dhy/avygyECGrLceyNeo4LiM=
golang.org/x/exp v0.0.0-20220909182711-5c715a9e8561 h1:MDc5xs78ZrZr3HMQugiXOAkSZtfTpbJLDr/lwfgO53E=
golang.org/x/sync v0.7.0 h1:YsImfSBoP9QPYL0xyKJPq0gcaJdG3rInoqxTWbfQu9M=
golang.org/x/sync v0.7.0/go.mod h1:Czt+wKu1gCyEFDUtn0jG5QVvpJ6rzVqr5aXyt9drQfk=
golang.org/x/sys v0.0.0-20210809222454-d867a43fc93e/go.mod h1:oPkhp1MJrh7nUepCBck5+mAzfO9JrbApNNgaTdGDITg=
golang.org/x/sys v0.6.0/go.mod h1:oPkhp1MJrh7nUepCBck5+mAzfO9JrbApNNgaTdGDITg=
golang.org/x/sys v0.20.0 h1:Od9JTbYCk261bKm4M/mw7AklTlFYIa0bIp9BgSm1S8Y=
golang.org/x/sys v0.20.0/go.mod h1:/VUhepiaJMQUp4+oa/7Zr1D23ma6VTLIYjOOTFZPUcA=
