github.com/charmbracelet/tea v0.0.0-20200130023737-bb06373836b4 h1:O8IGyYrKQuCwZZ98JP3DvzQCoPiXM5Y2zjwlDY7mOFM=
github.com/charmbracelet/tea v0.0.0-20200130023737-bb06373836b4/go.mod h1:UsFFdg04MNbcYi1r2FBtdDEFY07bObaYDKHhE1xZUaQ=
github.com/pkg/term v0.0.0-20190109203006-aa71e9d9e942 h1:A7GG7zcGjl3jqAqGPmcNjd/D9hzL95SuoOQAaFNdLU0=
github.com/pkg/term v0.0.0-20190109203006-aa71e9d9e942/go.mod h1:eCbImbZ95eXtAUIbLAuAVnBnwf83mjf6QIVH8SHYwqQ=
golang.org/x/sys v0.0.0-20200120151820-655fe14d7479 h1:LhLiKguPgZL+Tglay4GhVtfF0kb8cvOJ0dHTCBO8YNI=
golang.org/x/sys v0.0.0-20200120151820-655fe14d7479/go.mod h1:h1NjWce9XRLGQEsW7wpKNCjG9DtNlClVuFLEZdDNbEs=
golang.org/x/sys v0.0.0-20200124204421-9fbb57f87de9 h1:1/DFK4b7JH8DmkqhUk48onnSfrPzImPoVxuomtbT2nk=
golang.org/x/sys v0.0.0-20200124204421-9fbb57f87de9/go.mod h1:h1NjWce9XRLGQEsW7wpKNCjG9DtNlClVuFLEZdDNbEs=
